
Microsoft Visual Studio Solution File, Format Version 12.00
# Visual Studio Version 17
VisualStudioVersion = 17.11.35219.272
MinimumVisualStudioVersion = 10.0.40219.1
Project("{FAE04EC0-301F-11D3-BF4B-00C04F79EFBC}") = "Sexta aplicacion(Definir y llamar metodos)", "Sexta aplicacion(Definir y llamar metodos)\Sexta aplicacion(Definir y llamar metodos).csproj", "{3DAFFEDF-CA2A-438A-9B47-AFDE1F84D987}"
EndProject
Global
	GlobalSection(SolutionConfigurationPlatforms) = preSolution
		Debug|Any CPU = Debug|Any CPU
		Release|Any CPU = Release|Any CPU
	EndGlobalSection
	GlobalSection(ProjectConfigurationPlatforms) = postSolution
		{3DAFFEDF-CA2A-438A-9B47-AFDE1F84D987}.Debug|Any CPU.ActiveCfg = Debug|Any CPU
		{3DAFFEDF-CA2A-438A-9B47-AFDE1F84D987}.Debug|Any CPU.Build.0 = Debug|Any CPU
		{3DAFFEDF-CA2A-438A-9B47-AFDE1F84D987}.Release|Any CPU.ActiveCfg = Release|Any CPU
		{3DAFFEDF-CA2A-438A-9B47-AFDE1F84D987}.Release|Any CPU.Build.0 = Release|Any CPU
	EndGlobalSection
	GlobalSection(SolutionProperties) = preSolution
		HideSolutionNode = FALSE
	EndGlobalSection
	GlobalSection(ExtensibilityGlobals) = postSolution
		SolutionGuid = {044E0B1F-FF20-44AA-AED0-72CFD3BA9777}
	EndGlobalSection
EndGlobal
