
Microsoft Visual Studio Solution File, Format Version 12.00
# Visual Studio Version 17
VisualStudioVersion = 17.11.35219.272
MinimumVisualStudioVersion = 10.0.40219.1
Project("{FAE04EC0-301F-11D3-BF4B-00C04F79EFBC}") = "Segunda aplicacion", "Segunda aplicacion\Segunda aplicacion.csproj", "{F713B63D-E9C9-4020-885D-72C0DB57682C}"
EndProject
Global
	GlobalSection(SolutionConfigurationPlatforms) = preSolution
		Debug|Any CPU = Debug|Any CPU
		Release|Any CPU = Release|Any CPU
	EndGlobalSection
	GlobalSection(ProjectConfigurationPlatforms) = postSolution
		{F713B63D-E9C9-4020-885D-72C0DB57682C}.Debug|Any CPU.ActiveCfg = Debug|Any CPU
		{F713B63D-E9C9-4020-885D-72C0DB57682C}.Debug|Any CPU.Build.0 = Debug|Any CPU
		{F713B63D-E9C9-4020-885D-72C0DB57682C}.Release|Any CPU.ActiveCfg = Release|Any CPU
		{F713B63D-E9C9-4020-885D-72C0DB57682C}.Release|Any CPU.Build.0 = Release|Any CPU
	EndGlobalSection
	GlobalSection(SolutionProperties) = preSolution
		HideSolutionNode = FALSE
	EndGlobalSection
	GlobalSection(ExtensibilityGlobals) = postSolution
		SolutionGuid = {F4603EC9-5FBA-4494-B90D-E5A0207AEBE1}
	EndGlobalSection
EndGlobal
