
Microsoft Visual Studio Solution File, Format Version 12.00
# Visual Studio Version 17
VisualStudioVersion = 17.11.35219.272
MinimumVisualStudioVersion = 10.0.40219.1
Project("{FAE04EC0-301F-11D3-BF4B-00C04F79EFBC}") = "Programa 8 (Fecha y hora)", "Programa 8 (Fecha y hora)\Programa 8 (Fecha y hora).csproj", "{B720B24A-5770-409C-B40D-31EA617F3713}"
EndProject
Global
	GlobalSection(SolutionConfigurationPlatforms) = preSolution
		Debug|Any CPU = Debug|Any CPU
		Release|Any CPU = Release|Any CPU
	EndGlobalSection
	GlobalSection(ProjectConfigurationPlatforms) = postSolution
		{B720B24A-5770-409C-B40D-31EA617F3713}.Debug|Any CPU.ActiveCfg = Debug|Any CPU
		{B720B24A-5770-409C-B40D-31EA617F3713}.Debug|Any CPU.Build.0 = Debug|Any CPU
		{B720B24A-5770-409C-B40D-31EA617F3713}.Release|Any CPU.ActiveCfg = Release|Any CPU
		{B720B24A-5770-409C-B40D-31EA617F3713}.Release|Any CPU.Build.0 = Release|Any CPU
	EndGlobalSection
	GlobalSection(SolutionProperties) = preSolution
		HideSolutionNode = FALSE
	EndGlobalSection
	GlobalSection(ExtensibilityGlobals) = postSolution
		SolutionGuid = {EFE04253-2989-4A8B-BD10-9A1991DC8D95}
	EndGlobalSection
EndGlobal
